// !$*UTF8*$!
{
	archiveVersion = 1;
	classes = {
	};
	objectVersion = 55;
	objects = {

/* Begin PBXBuildFile section */
		5864A454A91BB14CB1C19EFF /* Pods_SEPHORA_TestTests.framework in Frameworks */ = {isa = PBXBuildFile; fileRef = 036AE95171AE85339A9875C1 /* Pods_SEPHORA_TestTests.framework */; };
		63A171B3347F1C7210F89E69 /* Pods_SEPHORA_Test.framework in Frameworks */ = {isa = PBXBuildFile; fileRef = C128106E3F6A727B62478FB6 /* Pods_SEPHORA_Test.framework */; };
		BD0C2C8429B200A000328C0F /* ImageCache.swift in Sources */ = {isa = PBXBuildFile; fileRef = BD0C2C8329B200A000328C0F /* ImageCache.swift */; };
		BD0C2C8729B2010500328C0F /* UIImage+Extension.swift in Sources */ = {isa = PBXBuildFile; fileRef = BD0C2C8629B2010500328C0F /* UIImage+Extension.swift */; };
		BD4CE02529B15CA50084709B /* AppDelegate.swift in Sources */ = {isa = PBXBuildFile; fileRef = BD4CE02429B15CA50084709B /* AppDelegate.swift */; };
		BD4CE02729B15CA50084709B /* SceneDelegate.swift in Sources */ = {isa = PBXBuildFile; fileRef = BD4CE02629B15CA50084709B /* SceneDelegate.swift */; };
		BD4CE02929B15CA50084709B /* ProductListViewController.swift in Sources */ = {isa = PBXBuildFile; fileRef = BD4CE02829B15CA50084709B /* ProductListViewController.swift */; };
		BD4CE02E29B15CA70084709B /* Assets.xcassets in Resources */ = {isa = PBXBuildFile; fileRef = BD4CE02D29B15CA70084709B /* Assets.xcassets */; };
		BD4CE03129B15CA70084709B /* LaunchScreen.storyboard in Resources */ = {isa = PBXBuildFile; fileRef = BD4CE02F29B15CA70084709B /* LaunchScreen.storyboard */; };
		BD4CE03C29B15CA70084709B /* SEPHORA_TestTests.swift in Sources */ = {isa = PBXBuildFile; fileRef = BD4CE03B29B15CA70084709B /* SEPHORA_TestTests.swift */; };
		BD4CE06629B161D70084709B /* BaseCoordinator.swift in Sources */ = {isa = PBXBuildFile; fileRef = BD4CE06529B161D70084709B /* BaseCoordinator.swift */; };
		BD4CE06829B1623B0084709B /* AppCoordinator.swift in Sources */ = {isa = PBXBuildFile; fileRef = BD4CE06729B1623B0084709B /* AppCoordinator.swift */; };
		BD4CE06A29B1629A0084709B /* ProductListCoordinator.swift in Sources */ = {isa = PBXBuildFile; fileRef = BD4CE06929B1629A0084709B /* ProductListCoordinator.swift */; };
		BD4CE06C29B163280084709B /* Product.swift in Sources */ = {isa = PBXBuildFile; fileRef = BD4CE06B29B163280084709B /* Product.swift */; };
		BD4CE06E29B1638E0084709B /* APIManager.swift in Sources */ = {isa = PBXBuildFile; fileRef = BD4CE06D29B1638E0084709B /* APIManager.swift */; };
		BD4CE07029B164F40084709B /* Endpoint.swift in Sources */ = {isa = PBXBuildFile; fileRef = BD4CE06F29B164F40084709B /* Endpoint.swift */; };
		BD4CE07329B1651E0084709B /* RequestType.swift in Sources */ = {isa = PBXBuildFile; fileRef = BD4CE07229B1651E0084709B /* RequestType.swift */; };
		BD4CE07529B1653E0084709B /* ErrorType.swift in Sources */ = {isa = PBXBuildFile; fileRef = BD4CE07429B1653E0084709B /* ErrorType.swift */; };
		BD4CE07729B1655B0084709B /* APIConstants.swift in Sources */ = {isa = PBXBuildFile; fileRef = BD4CE07629B1655B0084709B /* APIConstants.swift */; };
		BD4CE07929B165FD0084709B /* JSONParser.swift in Sources */ = {isa = PBXBuildFile; fileRef = BD4CE07829B165FD0084709B /* JSONParser.swift */; };
		BD4CE07B29B1662F0084709B /* APIClient.swift in Sources */ = {isa = PBXBuildFile; fileRef = BD4CE07A29B1662F0084709B /* APIClient.swift */; };
		BD4CE07D29B166920084709B /* ProductEndpoint.swift in Sources */ = {isa = PBXBuildFile; fileRef = BD4CE07C29B166920084709B /* ProductEndpoint.swift */; };
		BD4CE07F29B166C40084709B /* ImageEndpoint.swift in Sources */ = {isa = PBXBuildFile; fileRef = BD4CE07E29B166C40084709B /* ImageEndpoint.swift */; };
		BD4CE08129B1672C0084709B /* PersistenceManager.swift in Sources */ = {isa = PBXBuildFile; fileRef = BD4CE08029B1672C0084709B /* PersistenceManager.swift */; };
		BD4CE08429B167530084709B /* SEPHORA.xcdatamodeld in Sources */ = {isa = PBXBuildFile; fileRef = BD4CE08229B167530084709B /* SEPHORA.xcdatamodeld */; };
		BD4CE08629B167FA0084709B /* EntityManager.swift in Sources */ = {isa = PBXBuildFile; fileRef = BD4CE08529B167FA0084709B /* EntityManager.swift */; };
		BD4CE08829B168140084709B /* Product+CoreData.swift in Sources */ = {isa = PBXBuildFile; fileRef = BD4CE08729B168140084709B /* Product+CoreData.swift */; };
		BD4CE08A29B1FE8F0084709B /* ProductListViewModel.swift in Sources */ = {isa = PBXBuildFile; fileRef = BD4CE08929B1FE8F0084709B /* ProductListViewModel.swift */; };
		D2BF596EC0C47B80CA6480C0 /* Pods_SEPHORA_Test_SEPHORA_TestUITests.framework in Frameworks */ = {isa = PBXBuildFile; fileRef = CC4511C313BD8AA2CCC2414D /* Pods_SEPHORA_Test_SEPHORA_TestUITests.framework */; };
/* End PBXBuildFile section */

/* Begin PBXContainerItemProxy section */
		BD4CE03829B15CA70084709B /* PBXContainerItemProxy */ = {
			isa = PBXContainerItemProxy;
			containerPortal = BD4CE01929B15CA50084709B /* Project object */;
			proxyType = 1;
			remoteGlobalIDString = BD4CE02029B15CA50084709B;
			remoteInfo = "SEPHORA Test";
		};
		BD4CE04229B15CA70084709B /* PBXContainerItemProxy */ = {
			isa = PBXContainerItemProxy;
			containerPortal = BD4CE01929B15CA50084709B /* Project object */;
			proxyType = 1;
			remoteGlobalIDString = BD4CE02029B15CA50084709B;
			remoteInfo = "SEPHORA Test";
		};
/* End PBXContainerItemProxy section */

/* Begin PBXFileReference section */
		036AE95171AE85339A9875C1 /* Pods_SEPHORA_TestTests.framework */ = {isa = PBXFileReference; explicitFileType = wrapper.framework; includeInIndex = 0; path = Pods_SEPHORA_TestTests.framework; sourceTree = BUILT_PRODUCTS_DIR; };
		138F4D1D000254B269C0569F /* Pods-SEPHORA Test.debug.xcconfig */ = {isa = PBXFileReference; includeInIndex = 1; lastKnownFileType = text.xcconfig; name = "Pods-SEPHORA Test.debug.xcconfig"; path = "Target Support Files/Pods-SEPHORA Test/Pods-SEPHORA Test.debug.xcconfig"; sourceTree = "<group>"; };
		3E113B0261E15A6B6E6FCD43 /* Pods-SEPHORA TestTests.release.xcconfig */ = {isa = PBXFileReference; includeInIndex = 1; lastKnownFileType = text.xcconfig; name = "Pods-SEPHORA TestTests.release.xcconfig"; path = "Target Support Files/Pods-SEPHORA TestTests/Pods-SEPHORA TestTests.release.xcconfig"; sourceTree = "<group>"; };
		BD0C2C8329B200A000328C0F /* ImageCache.swift */ = {isa = PBXFileReference; lastKnownFileType = sourcecode.swift; path = ImageCache.swift; sourceTree = "<group>"; };
		BD0C2C8629B2010500328C0F /* UIImage+Extension.swift */ = {isa = PBXFileReference; lastKnownFileType = sourcecode.swift; path = "UIImage+Extension.swift"; sourceTree = "<group>"; };
		BD4CE02129B15CA50084709B /* SEPHORA Test.app */ = {isa = PBXFileReference; explicitFileType = wrapper.application; includeInIndex = 0; path = "SEPHORA Test.app"; sourceTree = BUILT_PRODUCTS_DIR; };
		BD4CE02429B15CA50084709B /* AppDelegate.swift */ = {isa = PBXFileReference; lastKnownFileType = sourcecode.swift; path = AppDelegate.swift; sourceTree = "<group>"; };
		BD4CE02629B15CA50084709B /* SceneDelegate.swift */ = {isa = PBXFileReference; lastKnownFileType = sourcecode.swift; path = SceneDelegate.swift; sourceTree = "<group>"; };
		BD4CE02829B15CA50084709B /* ProductListViewController.swift */ = {isa = PBXFileReference; lastKnownFileType = sourcecode.swift; path = ProductListViewController.swift; sourceTree = "<group>"; };
		BD4CE02D29B15CA70084709B /* Assets.xcassets */ = {isa = PBXFileReference; lastKnownFileType = folder.assetcatalog; path = Assets.xcassets; sourceTree = "<group>"; };
		BD4CE03029B15CA70084709B /* Base */ = {isa = PBXFileReference; lastKnownFileType = file.storyboard; name = Base; path = Base.lproj/LaunchScreen.storyboard; sourceTree = "<group>"; };
		BD4CE03229B15CA70084709B /* Info.plist */ = {isa = PBXFileReference; lastKnownFileType = text.plist.xml; path = Info.plist; sourceTree = "<group>"; };
		BD4CE03729B15CA70084709B /* SEPHORA TestTests.xctest */ = {isa = PBXFileReference; explicitFileType = wrapper.cfbundle; includeInIndex = 0; path = "SEPHORA TestTests.xctest"; sourceTree = BUILT_PRODUCTS_DIR; };
		BD4CE03B29B15CA70084709B /* SEPHORA_TestTests.swift */ = {isa = PBXFileReference; lastKnownFileType = sourcecode.swift; path = SEPHORA_TestTests.swift; sourceTree = "<group>"; };
		BD4CE04129B15CA70084709B /* SEPHORA TestUITests.xctest */ = {isa = PBXFileReference; explicitFileType = wrapper.cfbundle; includeInIndex = 0; path = "SEPHORA TestUITests.xctest"; sourceTree = BUILT_PRODUCTS_DIR; };
		BD4CE06529B161D70084709B /* BaseCoordinator.swift */ = {isa = PBXFileReference; lastKnownFileType = sourcecode.swift; path = BaseCoordinator.swift; sourceTree = "<group>"; };
		BD4CE06729B1623B0084709B /* AppCoordinator.swift */ = {isa = PBXFileReference; lastKnownFileType = sourcecode.swift; path = AppCoordinator.swift; sourceTree = "<group>"; };
		BD4CE06929B1629A0084709B /* ProductListCoordinator.swift */ = {isa = PBXFileReference; lastKnownFileType = sourcecode.swift; path = ProductListCoordinator.swift; sourceTree = "<group>"; };
		BD4CE06B29B163280084709B /* Product.swift */ = {isa = PBXFileReference; lastKnownFileType = sourcecode.swift; path = Product.swift; sourceTree = "<group>"; };
		BD4CE06D29B1638E0084709B /* APIManager.swift */ = {isa = PBXFileReference; lastKnownFileType = sourcecode.swift; path = APIManager.swift; sourceTree = "<group>"; };
		BD4CE06F29B164F40084709B /* Endpoint.swift */ = {isa = PBXFileReference; lastKnownFileType = sourcecode.swift; path = Endpoint.swift; sourceTree = "<group>"; };
		BD4CE07229B1651E0084709B /* RequestType.swift */ = {isa = PBXFileReference; lastKnownFileType = sourcecode.swift; path = RequestType.swift; sourceTree = "<group>"; };
		BD4CE07429B1653E0084709B /* ErrorType.swift */ = {isa = PBXFileReference; lastKnownFileType = sourcecode.swift; path = ErrorType.swift; sourceTree = "<group>"; };
		BD4CE07629B1655B0084709B /* APIConstants.swift */ = {isa = PBXFileReference; lastKnownFileType = sourcecode.swift; path = APIConstants.swift; sourceTree = "<group>"; };
		BD4CE07829B165FD0084709B /* JSONParser.swift */ = {isa = PBXFileReference; lastKnownFileType = sourcecode.swift; path = JSONParser.swift; sourceTree = "<group>"; };
		BD4CE07A29B1662F0084709B /* APIClient.swift */ = {isa = PBXFileReference; lastKnownFileType = sourcecode.swift; path = APIClient.swift; sourceTree = "<group>"; };
		BD4CE07C29B166920084709B /* ProductEndpoint.swift */ = {isa = PBXFileReference; lastKnownFileType = sourcecode.swift; path = ProductEndpoint.swift; sourceTree = "<group>"; };
		BD4CE07E29B166C40084709B /* ImageEndpoint.swift */ = {isa = PBXFileReference; lastKnownFileType = sourcecode.swift; path = ImageEndpoint.swift; sourceTree = "<group>"; };
		BD4CE08029B1672C0084709B /* PersistenceManager.swift */ = {isa = PBXFileReference; lastKnownFileType = sourcecode.swift; path = PersistenceManager.swift; sourceTree = "<group>"; };
		BD4CE08329B167530084709B /* SEPHORA.xcdatamodel */ = {isa = PBXFileReference; lastKnownFileType = wrapper.xcdatamodel; path = SEPHORA.xcdatamodel; sourceTree = "<group>"; };
		BD4CE08529B167FA0084709B /* EntityManager.swift */ = {isa = PBXFileReference; lastKnownFileType = sourcecode.swift; path = EntityManager.swift; sourceTree = "<group>"; };
		BD4CE08729B168140084709B /* Product+CoreData.swift */ = {isa = PBXFileReference; lastKnownFileType = sourcecode.swift; path = "Product+CoreData.swift"; sourceTree = "<group>"; };
		BD4CE08929B1FE8F0084709B /* ProductListViewModel.swift */ = {isa = PBXFileReference; lastKnownFileType = sourcecode.swift; path = ProductListViewModel.swift; sourceTree = "<group>"; };
		C128106E3F6A727B62478FB6 /* Pods_SEPHORA_Test.framework */ = {isa = PBXFileReference; explicitFileType = wrapper.framework; includeInIndex = 0; path = Pods_SEPHORA_Test.framework; sourceTree = BUILT_PRODUCTS_DIR; };
		CC4511C313BD8AA2CCC2414D /* Pods_SEPHORA_Test_SEPHORA_TestUITests.framework */ = {isa = PBXFileReference; explicitFileType = wrapper.framework; includeInIndex = 0; path = Pods_SEPHORA_Test_SEPHORA_TestUITests.framework; sourceTree = BUILT_PRODUCTS_DIR; };
		E1EB5ED0E8427BB192E3C7F7 /* Pods-SEPHORA Test-SEPHORA TestUITests.release.xcconfig */ = {isa = PBXFileReference; includeInIndex = 1; lastKnownFileType = text.xcconfig; name = "Pods-SEPHORA Test-SEPHORA TestUITests.release.xcconfig"; path = "Target Support Files/Pods-SEPHORA Test-SEPHORA TestUITests/Pods-SEPHORA Test-SEPHORA TestUITests.release.xcconfig"; sourceTree = "<group>"; };
		F2960E51D4A79057C59AA567 /* Pods-SEPHORA TestTests.debug.xcconfig */ = {isa = PBXFileReference; includeInIndex = 1; lastKnownFileType = text.xcconfig; name = "Pods-SEPHORA TestTests.debug.xcconfig"; path = "Target Support Files/Pods-SEPHORA TestTests/Pods-SEPHORA TestTests.debug.xcconfig"; sourceTree = "<group>"; };
		FDE0B715F58BA8048C81778F /* Pods-SEPHORA Test-SEPHORA TestUITests.debug.xcconfig */ = {isa = PBXFileReference; includeInIndex = 1; lastKnownFileType = text.xcconfig; name = "Pods-SEPHORA Test-SEPHORA TestUITests.debug.xcconfig"; path = "Target Support Files/Pods-SEPHORA Test-SEPHORA TestUITests/Pods-SEPHORA Test-SEPHORA TestUITests.debug.xcconfig"; sourceTree = "<group>"; };
		FF9E2044143393B6C1A2E947 /* Pods-SEPHORA Test.release.xcconfig */ = {isa = PBXFileReference; includeInIndex = 1; lastKnownFileType = text.xcconfig; name = "Pods-SEPHORA Test.release.xcconfig"; path = "Target Support Files/Pods-SEPHORA Test/Pods-SEPHORA Test.release.xcconfig"; sourceTree = "<group>"; };
/* End PBXFileReference section */

/* Begin PBXFrameworksBuildPhase section */
		BD4CE01E29B15CA50084709B /* Frameworks */ = {
			isa = PBXFrameworksBuildPhase;
			buildActionMask = 2147483647;
			files = (
				63A171B3347F1C7210F89E69 /* Pods_SEPHORA_Test.framework in Frameworks */,
			);
			runOnlyForDeploymentPostprocessing = 0;
		};
		BD4CE03429B15CA70084709B /* Frameworks */ = {
			isa = PBXFrameworksBuildPhase;
			buildActionMask = 2147483647;
			files = (
				5864A454A91BB14CB1C19EFF /* Pods_SEPHORA_TestTests.framework in Frameworks */,
			);
			runOnlyForDeploymentPostprocessing = 0;
		};
		BD4CE03E29B15CA70084709B /* Frameworks */ = {
			isa = PBXFrameworksBuildPhase;
			buildActionMask = 2147483647;
			files = (
				D2BF596EC0C47B80CA6480C0 /* Pods_SEPHORA_Test_SEPHORA_TestUITests.framework in Frameworks */,
			);
			runOnlyForDeploymentPostprocessing = 0;
		};
/* End PBXFrameworksBuildPhase section */

/* Begin PBXGroup section */
		83C8FA909B75E4A938612F6F /* Frameworks */ = {
			isa = PBXGroup;
			children = (
				C128106E3F6A727B62478FB6 /* Pods_SEPHORA_Test.framework */,
				CC4511C313BD8AA2CCC2414D /* Pods_SEPHORA_Test_SEPHORA_TestUITests.framework */,
				036AE95171AE85339A9875C1 /* Pods_SEPHORA_TestTests.framework */,
			);
			name = Frameworks;
			sourceTree = "<group>";
		};
		B7D75DCAD6568815DBCBF391 /* Pods */ = {
			isa = PBXGroup;
			children = (
				138F4D1D000254B269C0569F /* Pods-SEPHORA Test.debug.xcconfig */,
				FF9E2044143393B6C1A2E947 /* Pods-SEPHORA Test.release.xcconfig */,
				FDE0B715F58BA8048C81778F /* Pods-SEPHORA Test-SEPHORA TestUITests.debug.xcconfig */,
				E1EB5ED0E8427BB192E3C7F7 /* Pods-SEPHORA Test-SEPHORA TestUITests.release.xcconfig */,
				F2960E51D4A79057C59AA567 /* Pods-SEPHORA TestTests.debug.xcconfig */,
				3E113B0261E15A6B6E6FCD43 /* Pods-SEPHORA TestTests.release.xcconfig */,
			);
			path = Pods;
			sourceTree = "<group>";
		};
		BD0C2C8529B200FA00328C0F /* Extensions */ = {
			isa = PBXGroup;
			children = (
				BD0C2C8629B2010500328C0F /* UIImage+Extension.swift */,
			);
			path = Extensions;
			sourceTree = "<group>";
		};
		BD4CE01829B15CA50084709B = {
			isa = PBXGroup;
			children = (
				BD4CE08229B167530084709B /* SEPHORA.xcdatamodeld */,
				BD4CE02329B15CA50084709B /* SEPHORA Test */,
				BD4CE03A29B15CA70084709B /* SEPHORA TestTests */,
				BD4CE02229B15CA50084709B /* Products */,
				B7D75DCAD6568815DBCBF391 /* Pods */,
				83C8FA909B75E4A938612F6F /* Frameworks */,
			);
			sourceTree = "<group>";
		};
		BD4CE02229B15CA50084709B /* Products */ = {
			isa = PBXGroup;
			children = (
				BD4CE02129B15CA50084709B /* SEPHORA Test.app */,
				BD4CE03729B15CA70084709B /* SEPHORA TestTests.xctest */,
				BD4CE04129B15CA70084709B /* SEPHORA TestUITests.xctest */,
			);
			name = Products;
			sourceTree = "<group>";
		};
		BD4CE02329B15CA50084709B /* SEPHORA Test */ = {
			isa = PBXGroup;
			children = (
				BD4CE05929B160F10084709B /* Features */,
				BD4CE05829B160EC0084709B /* Coordinators */,
				BD4CE05729B160E30084709B /* Extensions */,
				BD4CE05629B160DD0084709B /* Core */,
				BD4CE05529B160D80084709B /* Delegate */,
				BD4CE05429B160D00084709B /* Utilities */,
				BD4CE02D29B15CA70084709B /* Assets.xcassets */,
				BD4CE02F29B15CA70084709B /* LaunchScreen.storyboard */,
				BD4CE03229B15CA70084709B /* Info.plist */,
			);
			path = "SEPHORA Test";
			sourceTree = "<group>";
		};
		BD4CE03A29B15CA70084709B /* SEPHORA TestTests */ = {
			isa = PBXGroup;
			children = (
				BD4CE03B29B15CA70084709B /* SEPHORA_TestTests.swift */,
			);
			path = "SEPHORA TestTests";
			sourceTree = "<group>";
		};
		BD4CE05429B160D00084709B /* Utilities */ = {
			isa = PBXGroup;
			children = (
				BD0C2C8529B200FA00328C0F /* Extensions */,
				BD0C2C8329B200A000328C0F /* ImageCache.swift */,
			);
			path = Utilities;
			sourceTree = "<group>";
		};
		BD4CE05529B160D80084709B /* Delegate */ = {
			isa = PBXGroup;
			children = (
				BD4CE02429B15CA50084709B /* AppDelegate.swift */,
				BD4CE02629B15CA50084709B /* SceneDelegate.swift */,
			);
			path = Delegate;
			sourceTree = "<group>";
		};
		BD4CE05629B160DD0084709B /* Core */ = {
			isa = PBXGroup;
			children = (
				BD4CE05E29B1612A0084709B /* Data */,
				BD4CE05D29B161230084709B /* Networking */,
			);
			path = Core;
			sourceTree = "<group>";
		};
		BD4CE05729B160E30084709B /* Extensions */ = {
			isa = PBXGroup;
			children = (
			);
			path = Extensions;
			sourceTree = "<group>";
		};
		BD4CE05829B160EC0084709B /* Coordinators */ = {
			isa = PBXGroup;
			children = (
				BD4CE06529B161D70084709B /* BaseCoordinator.swift */,
				BD4CE06729B1623B0084709B /* AppCoordinator.swift */,
				BD4CE06929B1629A0084709B /* ProductListCoordinator.swift */,
			);
			path = Coordinators;
			sourceTree = "<group>";
		};
		BD4CE05929B160F10084709B /* Features */ = {
			isa = PBXGroup;
			children = (
				BD4CE05A29B161030084709B /* ProductList */,
			);
			path = Features;
			sourceTree = "<group>";
		};
		BD4CE05A29B161030084709B /* ProductList */ = {
			isa = PBXGroup;
			children = (
				BD4CE05C29B1610F0084709B /* ViewModels */,
				BD4CE05B29B1610A0084709B /* Views */,
			);
			path = ProductList;
			sourceTree = "<group>";
		};
		BD4CE05B29B1610A0084709B /* Views */ = {
			isa = PBXGroup;
			children = (
				BD4CE02829B15CA50084709B /* ProductListViewController.swift */,
			);
			path = Views;
			sourceTree = "<group>";
		};
		BD4CE05C29B1610F0084709B /* ViewModels */ = {
			isa = PBXGroup;
			children = (
				BD4CE08929B1FE8F0084709B /* ProductListViewModel.swift */,
			);
			path = ViewModels;
			sourceTree = "<group>";
		};
		BD4CE05D29B161230084709B /* Networking */ = {
			isa = PBXGroup;
			children = (
				BD4CE06329B1615B0084709B /* Enums */,
				BD4CE06229B161540084709B /* Helpers */,
				BD4CE06129B1614C0084709B /* Endpoint */,
				BD4CE06029B161480084709B /* API */,
			);
			path = Networking;
			sourceTree = "<group>";
		};
		BD4CE05E29B1612A0084709B /* Data */ = {
			isa = PBXGroup;
			children = (
				BD4CE06429B161620084709B /* Extensions */,
				BD4CE05F29B161350084709B /* Models */,
				BD4CE08029B1672C0084709B /* PersistenceManager.swift */,
				BD4CE08529B167FA0084709B /* EntityManager.swift */,
			);
			path = Data;
			sourceTree = "<group>";
		};
		BD4CE05F29B161350084709B /* Models */ = {
			isa = PBXGroup;
			children = (
				BD4CE06B29B163280084709B /* Product.swift */,
			);
			path = Models;
			sourceTree = "<group>";
		};
		BD4CE06029B161480084709B /* API */ = {
			isa = PBXGroup;
			children = (
				BD4CE06D29B1638E0084709B /* APIManager.swift */,
				BD4CE07629B1655B0084709B /* APIConstants.swift */,
				BD4CE07A29B1662F0084709B /* APIClient.swift */,
			);
			path = API;
			sourceTree = "<group>";
		};
		BD4CE06129B1614C0084709B /* Endpoint */ = {
			isa = PBXGroup;
			children = (
				BD4CE06F29B164F40084709B /* Endpoint.swift */,
				BD4CE07C29B166920084709B /* ProductEndpoint.swift */,
				BD4CE07E29B166C40084709B /* ImageEndpoint.swift */,
			);
			path = Endpoint;
			sourceTree = "<group>";
		};
		BD4CE06229B161540084709B /* Helpers */ = {
			isa = PBXGroup;
			children = (
				BD4CE07829B165FD0084709B /* JSONParser.swift */,
			);
			path = Helpers;
			sourceTree = "<group>";
		};
		BD4CE06329B1615B0084709B /* Enums */ = {
			isa = PBXGroup;
			children = (
				BD4CE07229B1651E0084709B /* RequestType.swift */,
				BD4CE07429B1653E0084709B /* ErrorType.swift */,
			);
			path = Enums;
			sourceTree = "<group>";
		};
		BD4CE06429B161620084709B /* Extensions */ = {
			isa = PBXGroup;
			children = (
				BD4CE08729B168140084709B /* Product+CoreData.swift */,
			);
			path = Extensions;
			sourceTree = "<group>";
		};
/* End PBXGroup section */

/* Begin PBXNativeTarget section */
		BD4CE02029B15CA50084709B /* SEPHORA Test */ = {
			isa = PBXNativeTarget;
			buildConfigurationList = BD4CE04B29B15CA70084709B /* Build configuration list for PBXNativeTarget "SEPHORA Test" */;
			buildPhases = (
				8E55D0E357AA80AA0B28E71F /* [CP] Check Pods Manifest.lock */,
				BD4CE01D29B15CA50084709B /* Sources */,
				BD4CE01E29B15CA50084709B /* Frameworks */,
				BD4CE01F29B15CA50084709B /* Resources */,
				2AB19B461AAA82D631FDEB7A /* [CP] Embed Pods Frameworks */,
			);
			buildRules = (
			);
			dependencies = (
			);
			name = "SEPHORA Test";
			productName = "SEPHORA Test";
			productReference = BD4CE02129B15CA50084709B /* SEPHORA Test.app */;
			productType = "com.apple.product-type.application";
		};
		BD4CE03629B15CA70084709B /* SEPHORA TestTests */ = {
			isa = PBXNativeTarget;
			buildConfigurationList = BD4CE04E29B15CA70084709B /* Build configuration list for PBXNativeTarget "SEPHORA TestTests" */;
			buildPhases = (
				01AE799CD82DDFA02E76200D /* [CP] Check Pods Manifest.lock */,
				BD4CE03329B15CA70084709B /* Sources */,
				BD4CE03429B15CA70084709B /* Frameworks */,
				BD4CE03529B15CA70084709B /* Resources */,
			);
			buildRules = (
			);
			dependencies = (
				BD4CE03929B15CA70084709B /* PBXTargetDependency */,
			);
			name = "SEPHORA TestTests";
			productName = "SEPHORA TestTests";
			productReference = BD4CE03729B15CA70084709B /* SEPHORA TestTests.xctest */;
			productType = "com.apple.product-type.bundle.unit-test";
		};
		BD4CE04029B15CA70084709B /* SEPHORA TestUITests */ = {
			isa = PBXNativeTarget;
			buildConfigurationList = BD4CE05129B15CA70084709B /* Build configuration list for PBXNativeTarget "SEPHORA TestUITests" */;
			buildPhases = (
				A2DB49EF6F21CA4B95913182 /* [CP] Check Pods Manifest.lock */,
				BD4CE03D29B15CA70084709B /* Sources */,
				BD4CE03E29B15CA70084709B /* Frameworks */,
				BD4CE03F29B15CA70084709B /* Resources */,
				5E1FC645EC03C5324104CF38 /* [CP] Embed Pods Frameworks */,
			);
			buildRules = (
			);
			dependencies = (
				BD4CE04329B15CA70084709B /* PBXTargetDependency */,
			);
			name = "SEPHORA TestUITests";
			productName = "SEPHORA TestUITests";
			productReference = BD4CE04129B15CA70084709B /* SEPHORA TestUITests.xctest */;
			productType = "com.apple.product-type.bundle.ui-testing";
		};
/* End PBXNativeTarget section */

/* Begin PBXProject section */
		BD4CE01929B15CA50084709B /* Project object */ = {
			isa = PBXProject;
			attributes = {
				BuildIndependentTargetsInParallel = 1;
				LastSwiftUpdateCheck = 1340;
				LastUpgradeCheck = 1340;
				TargetAttributes = {
					BD4CE02029B15CA50084709B = {
						CreatedOnToolsVersion = 13.4.1;
					};
					BD4CE03629B15CA70084709B = {
						CreatedOnToolsVersion = 13.4.1;
						TestTargetID = BD4CE02029B15CA50084709B;
					};
					BD4CE04029B15CA70084709B = {
						CreatedOnToolsVersion = 13.4.1;
						TestTargetID = BD4CE02029B15CA50084709B;
					};
				};
			};
			buildConfigurationList = BD4CE01C29B15CA50084709B /* Build configuration list for PBXProject "SEPHORA Test" */;
			compatibilityVersion = "Xcode 13.0";
			developmentRegion = en;
			hasScannedForEncodings = 0;
			knownRegions = (
				en,
				Base,
			);
			mainGroup = BD4CE01829B15CA50084709B;
			productRefGroup = BD4CE02229B15CA50084709B /* Products */;
			projectDirPath = "";
			projectRoot = "";
			targets = (
				BD4CE02029B15CA50084709B /* SEPHORA Test */,
				BD4CE03629B15CA70084709B /* SEPHORA TestTests */,
				BD4CE04029B15CA70084709B /* SEPHORA TestUITests */,
			);
		};
/* End PBXProject section */

/* Begin PBXResourcesBuildPhase section */
		BD4CE01F29B15CA50084709B /* Resources */ = {
			isa = PBXResourcesBuildPhase;
			buildActionMask = 2147483647;
			files = (
				BD4CE03129B15CA70084709B /* LaunchScreen.storyboard in Resources */,
				BD4CE02E29B15CA70084709B /* Assets.xcassets in Resources */,
			);
			runOnlyForDeploymentPostprocessing = 0;
		};
		BD4CE03529B15CA70084709B /* Resources */ = {
			isa = PBXResourcesBuildPhase;
			buildActionMask = 2147483647;
			files = (
			);
			runOnlyForDeploymentPostprocessing = 0;
		};
		BD4CE03F29B15CA70084709B /* Resources */ = {
			isa = PBXResourcesBuildPhase;
			buildActionMask = 2147483647;
			files = (
			);
			runOnlyForDeploymentPostprocessing = 0;
		};
/* End PBXResourcesBuildPhase section */

/* Begin PBXShellScriptBuildPhase section */
		01AE799CD82DDFA02E76200D /* [CP] Check Pods Manifest.lock */ = {
			isa = PBXShellScriptBuildPhase;
			buildActionMask = 2147483647;
			files = (
			);
			inputFileListPaths = (
			);
			inputPaths = (
				"${PODS_PODFILE_DIR_PATH}/Podfile.lock",
				"${PODS_ROOT}/Manifest.lock",
			);
			name = "[CP] Check Pods Manifest.lock";
			outputFileListPaths = (
			);
			outputPaths = (
				"$(DERIVED_FILE_DIR)/Pods-SEPHORA TestTests-checkManifestLockResult.txt",
			);
			runOnlyForDeploymentPostprocessing = 0;
			shellPath = /bin/sh;
			shellScript = "diff \"${PODS_PODFILE_DIR_PATH}/Podfile.lock\" \"${PODS_ROOT}/Manifest.lock\" > /dev/null\nif [ $? != 0 ] ; then\n    # print error to STDERR\n    echo \"error: The sandbox is not in sync with the Podfile.lock. Run 'pod install' or update your CocoaPods installation.\" >&2\n    exit 1\nfi\n# This output is used by Xcode 'outputs' to avoid re-running this script phase.\necho \"SUCCESS\" > \"${SCRIPT_OUTPUT_FILE_0}\"\n";
			showEnvVarsInLog = 0;
		};
		2AB19B461AAA82D631FDEB7A /* [CP] Embed Pods Frameworks */ = {
			isa = PBXShellScriptBuildPhase;
			buildActionMask = 2147483647;
			files = (
			);
			inputFileListPaths = (
				"${PODS_ROOT}/Target Support Files/Pods-SEPHORA Test/Pods-SEPHORA Test-frameworks-${CONFIGURATION}-input-files.xcfilelist",
			);
			name = "[CP] Embed Pods Frameworks";
			outputFileListPaths = (
				"${PODS_ROOT}/Target Support Files/Pods-SEPHORA Test/Pods-SEPHORA Test-frameworks-${CONFIGURATION}-output-files.xcfilelist",
			);
			runOnlyForDeploymentPostprocessing = 0;
			shellPath = /bin/sh;
			shellScript = "\"${PODS_ROOT}/Target Support Files/Pods-SEPHORA Test/Pods-SEPHORA Test-frameworks.sh\"\n";
			showEnvVarsInLog = 0;
		};
		5E1FC645EC03C5324104CF38 /* [CP] Embed Pods Frameworks */ = {
			isa = PBXShellScriptBuildPhase;
			buildActionMask = 2147483647;
			files = (
			);
			inputFileListPaths = (
				"${PODS_ROOT}/Target Support Files/Pods-SEPHORA Test-SEPHORA TestUITests/Pods-SEPHORA Test-SEPHORA TestUITests-frameworks-${CONFIGURATION}-input-files.xcfilelist",
			);
			name = "[CP] Embed Pods Frameworks";
			outputFileListPaths = (
				"${PODS_ROOT}/Target Support Files/Pods-SEPHORA Test-SEPHORA TestUITests/Pods-SEPHORA Test-SEPHORA TestUITests-frameworks-${CONFIGURATION}-output-files.xcfilelist",
			);
			runOnlyForDeploymentPostprocessing = 0;
			shellPath = /bin/sh;
			shellScript = "\"${PODS_ROOT}/Target Support Files/Pods-SEPHORA Test-SEPHORA TestUITests/Pods-SEPHORA Test-SEPHORA TestUITests-frameworks.sh\"\n";
			showEnvVarsInLog = 0;
		};
		8E55D0E357AA80AA0B28E71F /* [CP] Check Pods Manifest.lock */ = {
			isa = PBXShellScriptBuildPhase;
			buildActionMask = 2147483647;
			files = (
			);
			inputFileListPaths = (
			);
			inputPaths = (
				"${PODS_PODFILE_DIR_PATH}/Podfile.lock",
				"${PODS_ROOT}/Manifest.lock",
			);
			name = "[CP] Check Pods Manifest.lock";
			outputFileListPaths = (
			);
			outputPaths = (
				"$(DERIVED_FILE_DIR)/Pods-SEPHORA Test-checkManifestLockResult.txt",
			);
			runOnlyForDeploymentPostprocessing = 0;
			shellPath = /bin/sh;
			shellScript = "diff \"${PODS_PODFILE_DIR_PATH}/Podfile.lock\" \"${PODS_ROOT}/Manifest.lock\" > /dev/null\nif [ $? != 0 ] ; then\n    # print error to STDERR\n    echo \"error: The sandbox is not in sync with the Podfile.lock. Run 'pod install' or update your CocoaPods installation.\" >&2\n    exit 1\nfi\n# This output is used by Xcode 'outputs' to avoid re-running this script phase.\necho \"SUCCESS\" > \"${SCRIPT_OUTPUT_FILE_0}\"\n";
			showEnvVarsInLog = 0;
		};
		A2DB49EF6F21CA4B95913182 /* [CP] Check Pods Manifest.lock */ = {
			isa = PBXShellScriptBuildPhase;
			buildActionMask = 2147483647;
			files = (
			);
			inputFileListPaths = (
			);
			inputPaths = (
				"${PODS_PODFILE_DIR_PATH}/Podfile.lock",
				"${PODS_ROOT}/Manifest.lock",
			);
			name = "[CP] Check Pods Manifest.lock";
			outputFileListPaths = (
			);
			outputPaths = (
				"$(DERIVED_FILE_DIR)/Pods-SEPHORA Test-SEPHORA TestUITests-checkManifestLockResult.txt",
			);
			runOnlyForDeploymentPostprocessing = 0;
			shellPath = /bin/sh;
			shellScript = "diff \"${PODS_PODFILE_DIR_PATH}/Podfile.lock\" \"${PODS_ROOT}/Manifest.lock\" > /dev/null\nif [ $? != 0 ] ; then\n    # print error to STDERR\n    echo \"error: The sandbox is not in sync with the Podfile.lock. Run 'pod install' or update your CocoaPods installation.\" >&2\n    exit 1\nfi\n# This output is used by Xcode 'outputs' to avoid re-running this script phase.\necho \"SUCCESS\" > \"${SCRIPT_OUTPUT_FILE_0}\"\n";
			showEnvVarsInLog = 0;
		};
/* End PBXShellScriptBuildPhase section */

/* Begin PBXSourcesBuildPhase section */
		BD4CE01D29B15CA50084709B /* Sources */ = {
			isa = PBXSourcesBuildPhase;
			buildActionMask = 2147483647;
			files = (
				BD0C2C8429B200A000328C0F /* ImageCache.swift in Sources */,
				BD4CE06E29B1638E0084709B /* APIManager.swift in Sources */,
				BD4CE07B29B1662F0084709B /* APIClient.swift in Sources */,
				BD4CE07F29B166C40084709B /* ImageEndpoint.swift in Sources */,
				BD4CE07029B164F40084709B /* Endpoint.swift in Sources */,
				BD4CE02929B15CA50084709B /* ProductListViewController.swift in Sources */,
				BD4CE02529B15CA50084709B /* AppDelegate.swift in Sources */,
				BD4CE07929B165FD0084709B /* JSONParser.swift in Sources */,
				BD4CE08629B167FA0084709B /* EntityManager.swift in Sources */,
				BD0C2C8729B2010500328C0F /* UIImage+Extension.swift in Sources */,
				BD4CE06829B1623B0084709B /* AppCoordinator.swift in Sources */,
				BD4CE02729B15CA50084709B /* SceneDelegate.swift in Sources */,
				BD4CE07529B1653E0084709B /* ErrorType.swift in Sources */,
				BD4CE06A29B1629A0084709B /* ProductListCoordinator.swift in Sources */,
				BD4CE08829B168140084709B /* Product+CoreData.swift in Sources */,
				BD4CE08129B1672C0084709B /* PersistenceManager.swift in Sources */,
				BD4CE07D29B166920084709B /* ProductEndpoint.swift in Sources */,
				BD4CE07729B1655B0084709B /* APIConstants.swift in Sources */,
				BD4CE06629B161D70084709B /* BaseCoordinator.swift in Sources */,
				BD4CE08A29B1FE8F0084709B /* ProductListViewModel.swift in Sources */,
				BD4CE06C29B163280084709B /* Product.swift in Sources */,
				BD4CE08429B167530084709B /* SEPHORA.xcdatamodeld in Sources */,
				BD4CE07329B1651E0084709B /* RequestType.swift in Sources */,
			);
			runOnlyForDeploymentPostprocessing = 0;
		};
		BD4CE03329B15CA70084709B /* Sources */ = {
			isa = PBXSourcesBuildPhase;
			buildActionMask = 2147483647;
			files = (
				BD4CE03C29B15CA70084709B /* SEPHORA_TestTests.swift in Sources */,
			);
			runOnlyForDeploymentPostprocessing = 0;
		};
		BD4CE03D29B15CA70084709B /* Sources */ = {
			isa = PBXSourcesBuildPhase;
			buildActionMask = 2147483647;
			files = (
			);
			runOnlyForDeploymentPostprocessing = 0;
		};
/* End PBXSourcesBuildPhase section */

/* Begin PBXTargetDependency section */
		BD4CE03929B15CA70084709B /* PBXTargetDependency */ = {
			isa = PBXTargetDependency;
			target = BD4CE02029B15CA50084709B /* SEPHORA Test */;
			targetProxy = BD4CE03829B15CA70084709B /* PBXContainerItemProxy */;
		};
		BD4CE04329B15CA70084709B /* PBXTargetDependency */ = {
			isa = PBXTargetDependency;
			target = BD4CE02029B15CA50084709B /* SEPHORA Test */;
			targetProxy = BD4CE04229B15CA70084709B /* PBXContainerItemProxy */;
		};
/* End PBXTargetDependency section */

/* Begin PBXVariantGroup section */
		BD4CE02F29B15CA70084709B /* LaunchScreen.storyboard */ = {
			isa = PBXVariantGroup;
			children = (
				BD4CE03029B15CA70084709B /* Base */,
			);
			name = LaunchScreen.storyboard;
			sourceTree = "<group>";
		};
/* End PBXVariantGroup section */

/* Begin XCBuildConfiguration section */
		BD4CE04929B15CA70084709B /* Debug */ = {
			isa = XCBuildConfiguration;
			buildSettings = {
				ALWAYS_SEARCH_USER_PATHS = NO;
				CLANG_ANALYZER_NONNULL = YES;
				CLANG_ANALYZER_NUMBER_OBJECT_CONVERSION = YES_AGGRESSIVE;
				CLANG_CXX_LANGUAGE_STANDARD = "gnu++17";
				CLANG_ENABLE_MODULES = YES;
				CLANG_ENABLE_OBJC_ARC = YES;
				CLANG_ENABLE_OBJC_WEAK = YES;
				CLANG_WARN_BLOCK_CAPTURE_AUTORELEASING = YES;
				CLANG_WARN_BOOL_CONVERSION = YES;
				CLANG_WARN_COMMA = YES;
				CLANG_WARN_CONSTANT_CONVERSION = YES;
				CLANG_WARN_DEPRECATED_OBJC_IMPLEMENTATIONS = YES;
				CLANG_WARN_DIRECT_OBJC_ISA_USAGE = YES_ERROR;
				CLANG_WARN_DOCUMENTATION_COMMENTS = YES;
				CLANG_WARN_EMPTY_BODY = YES;
				CLANG_WARN_ENUM_CONVERSION = YES;
				CLANG_WARN_INFINITE_RECURSION = YES;
				CLANG_WARN_INT_CONVERSION = YES;
				CLANG_WARN_NON_LITERAL_NULL_CONVERSION = YES;
				CLANG_WARN_OBJC_IMPLICIT_RETAIN_SELF = YES;
				CLANG_WARN_OBJC_LITERAL_CONVERSION = YES;
				CLANG_WARN_OBJC_ROOT_CLASS = YES_ERROR;
				CLANG_WARN_QUOTED_INCLUDE_IN_FRAMEWORK_HEADER = YES;
				CLANG_WARN_RANGE_LOOP_ANALYSIS = YES;
				CLANG_WARN_STRICT_PROTOTYPES = YES;
				CLANG_WARN_SUSPICIOUS_MOVE = YES;
				CLANG_WARN_UNGUARDED_AVAILABILITY = YES_AGGRESSIVE;
				CLANG_WARN_UNREACHABLE_CODE = YES;
				CLANG_WARN__DUPLICATE_METHOD_MATCH = YES;
				COPY_PHASE_STRIP = NO;
				DEBUG_INFORMATION_FORMAT = dwarf;
				ENABLE_STRICT_OBJC_MSGSEND = YES;
				ENABLE_TESTABILITY = YES;
				GCC_C_LANGUAGE_STANDARD = gnu11;
				GCC_DYNAMIC_NO_PIC = NO;
				GCC_NO_COMMON_BLOCKS = YES;
				GCC_OPTIMIZATION_LEVEL = 0;
				GCC_PREPROCESSOR_DEFINITIONS = (
					"DEBUG=1",
					"$(inherited)",
				);
				GCC_WARN_64_TO_32_BIT_CONVERSION = YES;
				GCC_WARN_ABOUT_RETURN_TYPE = YES_ERROR;
				GCC_WARN_UNDECLARED_SELECTOR = YES;
				GCC_WARN_UNINITIALIZED_AUTOS = YES_AGGRESSIVE;
				GCC_WARN_UNUSED_FUNCTION = YES;
				GCC_WARN_UNUSED_VARIABLE = YES;
				IPHONEOS_DEPLOYMENT_TARGET = 15.5;
				MTL_ENABLE_DEBUG_INFO = INCLUDE_SOURCE;
				MTL_FAST_MATH = YES;
				ONLY_ACTIVE_ARCH = YES;
				SDKROOT = iphoneos;
				SWIFT_ACTIVE_COMPILATION_CONDITIONS = DEBUG;
				SWIFT_OPTIMIZATION_LEVEL = "-Onone";
			};
			name = Debug;
		};
		BD4CE04A29B15CA70084709B /* Release */ = {
			isa = XCBuildConfiguration;
			buildSettings = {
				ALWAYS_SEARCH_USER_PATHS = NO;
				CLANG_ANALYZER_NONNULL = YES;
				CLANG_ANALYZER_NUMBER_OBJECT_CONVERSION = YES_AGGRESSIVE;
				CLANG_CXX_LANGUAGE_STANDARD = "gnu++17";
				CLANG_ENABLE_MODULES = YES;
				CLANG_ENABLE_OBJC_ARC = YES;
				CLANG_ENABLE_OBJC_WEAK = YES;
				CLANG_WARN_BLOCK_CAPTURE_AUTORELEASING = YES;
				CLANG_WARN_BOOL_CONVERSION = YES;
				CLANG_WARN_COMMA = YES;
				CLANG_WARN_CONSTANT_CONVERSION = YES;
				CLANG_WARN_DEPRECATED_OBJC_IMPLEMENTATIONS = YES;
				CLANG_WARN_DIRECT_OBJC_ISA_USAGE = YES_ERROR;
				CLANG_WARN_DOCUMENTATION_COMMENTS = YES;
				CLANG_WARN_EMPTY_BODY = YES;
				CLANG_WARN_ENUM_CONVERSION = YES;
				CLANG_WARN_INFINITE_RECURSION = YES;
				CLANG_WARN_INT_CONVERSION = YES;
				CLANG_WARN_NON_LITERAL_NULL_CONVERSION = YES;
				CLANG_WARN_OBJC_IMPLICIT_RETAIN_SELF = YES;
				CLANG_WARN_OBJC_LITERAL_CONVERSION = YES;
				CLANG_WARN_OBJC_ROOT_CLASS = YES_ERROR;
				CLANG_WARN_QUOTED_INCLUDE_IN_FRAMEWORK_HEADER = YES;
				CLANG_WARN_RANGE_LOOP_ANALYSIS = YES;
				CLANG_WARN_STRICT_PROTOTYPES = YES;
				CLANG_WARN_SUSPICIOUS_MOVE = YES;
				CLANG_WARN_UNGUARDED_AVAILABILITY = YES_AGGRESSIVE;
				CLANG_WARN_UNREACHABLE_CODE = YES;
				CLANG_WARN__DUPLICATE_METHOD_MATCH = YES;
				COPY_PHASE_STRIP = NO;
				DEBUG_INFORMATION_FORMAT = "dwarf-with-dsym";
				ENABLE_NS_ASSERTIONS = NO;
				ENABLE_STRICT_OBJC_MSGSEND = YES;
				GCC_C_LANGUAGE_STANDARD = gnu11;
				GCC_NO_COMMON_BLOCKS = YES;
				GCC_WARN_64_TO_32_BIT_CONVERSION = YES;
				GCC_WARN_ABOUT_RETURN_TYPE = YES_ERROR;
				GCC_WARN_UNDECLARED_SELECTOR = YES;
				GCC_WARN_UNINITIALIZED_AUTOS = YES_AGGRESSIVE;
				GCC_WARN_UNUSED_FUNCTION = YES;
				GCC_WARN_UNUSED_VARIABLE = YES;
				IPHONEOS_DEPLOYMENT_TARGET = 15.5;
				MTL_ENABLE_DEBUG_INFO = NO;
				MTL_FAST_MATH = YES;
				SDKROOT = iphoneos;
				SWIFT_COMPILATION_MODE = wholemodule;
				SWIFT_OPTIMIZATION_LEVEL = "-O";
				VALIDATE_PRODUCT = YES;
			};
			name = Release;
		};
		BD4CE04C29B15CA70084709B /* Debug */ = {
			isa = XCBuildConfiguration;
			baseConfigurationReference = 138F4D1D000254B269C0569F /* Pods-SEPHORA Test.debug.xcconfig */;
			buildSettings = {
				ASSETCATALOG_COMPILER_APPICON_NAME = AppIcon;
				ASSETCATALOG_COMPILER_GLOBAL_ACCENT_COLOR_NAME = AccentColor;
				CODE_SIGN_STYLE = Automatic;
				CURRENT_PROJECT_VERSION = 1;
				DEVELOPMENT_TEAM = Y652TUB927;
				GENERATE_INFOPLIST_FILE = YES;
				INFOPLIST_FILE = "SEPHORA Test/Info.plist";
				INFOPLIST_KEY_UIApplicationSupportsIndirectInputEvents = YES;
				INFOPLIST_KEY_UILaunchStoryboardName = LaunchScreen;
				INFOPLIST_KEY_UISupportedInterfaceOrientations_iPad = "UIInterfaceOrientationPortrait UIInterfaceOrientationPortraitUpsideDown UIInterfaceOrientationLandscapeLeft UIInterfaceOrientationLandscapeRight";
				INFOPLIST_KEY_UISupportedInterfaceOrientations_iPhone = "UIInterfaceOrientationPortrait UIInterfaceOrientationLandscapeLeft UIInterfaceOrientationLandscapeRight";
				LD_RUNPATH_SEARCH_PATHS = (
					"$(inherited)",
					"@executable_path/Frameworks",
				);
				MARKETING_VERSION = 1.0;
				PRODUCT_BUNDLE_IDENTIFIER = "Moussaab.SEPHORA-Test";
				PRODUCT_NAME = "$(TARGET_NAME)";
				SWIFT_EMIT_LOC_STRINGS = YES;
				SWIFT_VERSION = 5.0;
				TARGETED_DEVICE_FAMILY = "1,2";
			};
			name = Debug;
		};
		BD4CE04D29B15CA70084709B /* Release */ = {
			isa = XCBuildConfiguration;
			baseConfigurationReference = FF9E2044143393B6C1A2E947 /* Pods-SEPHORA Test.release.xcconfig */;
			buildSettings = {
				ASSETCATALOG_COMPILER_APPICON_NAME = AppIcon;
				ASSETCATALOG_COMPILER_GLOBAL_ACCENT_COLOR_NAME = AccentColor;
				CODE_SIGN_STYLE = Automatic;
				CURRENT_PROJECT_VERSION = 1;
				DEVELOPMENT_TEAM = Y652TUB927;
				GENERATE_INFOPLIST_FILE = YES;
				INFOPLIST_FILE = "SEPHORA Test/Info.plist";
				INFOPLIST_KEY_UIApplicationSupportsIndirectInputEvents = YES;
				INFOPLIST_KEY_UILaunchStoryboardName = LaunchScreen;
				INFOPLIST_KEY_UISupportedInterfaceOrientations_iPad = "UIInterfaceOrientationPortrait UIInterfaceOrientationPortraitUpsideDown UIInterfaceOrientationLandscapeLeft UIInterfaceOrientationLandscapeRight";
				INFOPLIST_KEY_UISupportedInterfaceOrientations_iPhone = "UIInterfaceOrientationPortrait UIInterfaceOrientationLandscapeLeft UIInterfaceOrientationLandscapeRight";
				LD_RUNPATH_SEARCH_PATHS = (
					"$(inherited)",
					"@executable_path/Frameworks",
				);
				MARKETING_VERSION = 1.0;
				PRODUCT_BUNDLE_IDENTIFIER = "Moussaab.SEPHORA-Test";
				PRODUCT_NAME = "$(TARGET_NAME)";
				SWIFT_EMIT_LOC_STRINGS = YES;
				SWIFT_VERSION = 5.0;
				TARGETED_DEVICE_FAMILY = "1,2";
			};
			name = Release;
		};
		BD4CE04F29B15CA70084709B /* Debug */ = {
			isa = XCBuildConfiguration;
			baseConfigurationReference = F2960E51D4A79057C59AA567 /* Pods-SEPHORA TestTests.debug.xcconfig */;
			buildSettings = {
				ALWAYS_EMBED_SWIFT_STANDARD_LIBRARIES = YES;
				BUNDLE_LOADER = "$(TEST_HOST)";
				CODE_SIGN_STYLE = Automatic;
				CURRENT_PROJECT_VERSION = 1;
				DEVELOPMENT_TEAM = Y652TUB927;
				GENERATE_INFOPLIST_FILE = YES;
				IPHONEOS_DEPLOYMENT_TARGET = 15.5;
				MARKETING_VERSION = 1.0;
				PRODUCT_BUNDLE_IDENTIFIER = "Moussaab.SEPHORA-TestTests";
				PRODUCT_NAME = "$(TARGET_NAME)";
				SWIFT_EMIT_LOC_STRINGS = NO;
				SWIFT_VERSION = 5.0;
				TARGETED_DEVICE_FAMILY = "1,2";
				TEST_HOST = "$(BUILT_PRODUCTS_DIR)/SEPHORA Test.app/SEPHORA Test";
			};
			name = Debug;
		};
		BD4CE05029B15CA70084709B /* Release */ = {
			isa = XCBuildConfiguration;
			baseConfigurationReference = 3E113B0261E15A6B6E6FCD43 /* Pods-SEPHORA TestTests.release.xcconfig */;
			buildSettings = {
				ALWAYS_EMBED_SWIFT_STANDARD_LIBRARIES = YES;
				BUNDLE_LOADER = "$(TEST_HOST)";
				CODE_SIGN_STYLE = Automatic;
				CURRENT_PROJECT_VERSION = 1;
				DEVELOPMENT_TEAM = Y652TUB927;
				GENERATE_INFOPLIST_FILE = YES;
				IPHONEOS_DEPLOYMENT_TARGET = 15.5;
				MARKETING_VERSION = 1.0;
				PRODUCT_BUNDLE_IDENTIFIER = "Moussaab.SEPHORA-TestTests";
				PRODUCT_NAME = "$(TARGET_NAME)";
				SWIFT_EMIT_LOC_STRINGS = NO;
				SWIFT_VERSION = 5.0;
				TARGETED_DEVICE_FAMILY = "1,2";
				TEST_HOST = "$(BUILT_PRODUCTS_DIR)/SEPHORA Test.app/SEPHORA Test";
			};
			name = Release;
		};
		BD4CE05229B15CA70084709B /* Debug */ = {
			isa = XCBuildConfiguration;
			baseConfigurationReference = FDE0B715F58BA8048C81778F /* Pods-SEPHORA Test-SEPHORA TestUITests.debug.xcconfig */;
			buildSettings = {
				ALWAYS_EMBED_SWIFT_STANDARD_LIBRARIES = YES;
				CODE_SIGN_STYLE = Automatic;
				CURRENT_PROJECT_VERSION = 1;
				DEVELOPMENT_TEAM = Y652TUB927;
				GENERATE_INFOPLIST_FILE = YES;
				MARKETING_VERSION = 1.0;
				PRODUCT_BUNDLE_IDENTIFIER = "Moussaab.SEPHORA-TestUITests";
				PRODUCT_NAME = "$(TARGET_NAME)";
				SWIFT_EMIT_LOC_STRINGS = NO;
				SWIFT_VERSION = 5.0;
				TARGETED_DEVICE_FAMILY = "1,2";
				TEST_TARGET_NAME = "SEPHORA Test";
			};
			name = Debug;
		};
		BD4CE05329B15CA70084709B /* Release */ = {
			isa = XCBuildConfiguration;
			baseConfigurationReference = E1EB5ED0E8427BB192E3C7F7 /* Pods-SEPHORA Test-SEPHORA TestUITests.release.xcconfig */;
			buildSettings = {
				ALWAYS_EMBED_SWIFT_STANDARD_LIBRARIES = YES;
				CODE_SIGN_STYLE = Automatic;
				CURRENT_PROJECT_VERSION = 1;
				DEVELOPMENT_TEAM = Y652TUB927;
				GENERATE_INFOPLIST_FILE = YES;
				MARKETING_VERSION = 1.0;
				PRODUCT_BUNDLE_IDENTIFIER = "Moussaab.SEPHORA-TestUITests";
				PRODUCT_NAME = "$(TARGET_NAME)";
				SWIFT_EMIT_LOC_STRINGS = NO;
				SWIFT_VERSION = 5.0;
				TARGETED_DEVICE_FAMILY = "1,2";
				TEST_TARGET_NAME = "SEPHORA Test";
			};
			name = Release;
		};
/* End XCBuildConfiguration section */

/* Begin XCConfigurationList section */
		BD4CE01C29B15CA50084709B /* Build configuration list for PBXProject "SEPHORA Test" */ = {
			isa = XCConfigurationList;
			buildConfigurations = (
				BD4CE04929B15CA70084709B /* Debug */,
				BD4CE04A29B15CA70084709B /* Release */,
			);
			defaultConfigurationIsVisible = 0;
			defaultConfigurationName = Release;
		};
		BD4CE04B29B15CA70084709B /* Build configuration list for PBXNativeTarget "SEPHORA Test" */ = {
			isa = XCConfigurationList;
			buildConfigurations = (
				BD4CE04C29B15CA70084709B /* Debug */,
				BD4CE04D29B15CA70084709B /* Release */,
			);
			defaultConfigurationIsVisible = 0;
			defaultConfigurationName = Release;
		};
		BD4CE04E29B15CA70084709B /* Build configuration list for PBXNativeTarget "SEPHORA TestTests" */ = {
			isa = XCConfigurationList;
			buildConfigurations = (
				BD4CE04F29B15CA70084709B /* Debug */,
				BD4CE05029B15CA70084709B /* Release */,
			);
			defaultConfigurationIsVisible = 0;
			defaultConfigurationName = Release;
		};
		BD4CE05129B15CA70084709B /* Build configuration list for PBXNativeTarget "SEPHORA TestUITests" */ = {
			isa = XCConfigurationList;
			buildConfigurations = (
				BD4CE05229B15CA70084709B /* Debug */,
				BD4CE05329B15CA70084709B /* Release */,
			);
			defaultConfigurationIsVisible = 0;
			defaultConfigurationName = Release;
		};
/* End XCConfigurationList section */

/* Begin XCVersionGroup section */
		BD4CE08229B167530084709B /* SEPHORA.xcdatamodeld */ = {
			isa = XCVersionGroup;
			children = (
				BD4CE08329B167530084709B /* SEPHORA.xcdatamodel */,
			);
			currentVersion = BD4CE08329B167530084709B /* SEPHORA.xcdatamodel */;
			path = SEPHORA.xcdatamodeld;
			sourceTree = "<group>";
			versionGroupType = wrapper.xcdatamodel;
		};
/* End XCVersionGroup section */
	};
	rootObject = BD4CE01929B15CA50084709B /* Project object */;
}
